// !$*UTF8*$!
{
	archiveVersion = 1;
	classes = {
	};
	objectVersion = 46;
	objects = {

/* Begin PBXBuildFile section */
		E109EA0F154D2A4800FDAC40 /* Chrome Folder.icns in Resources */ = {isa = PBXBuildFile; fileRef = E109EA0E154D2A4800FDAC40 /* Chrome Folder.icns */; };
		E14F967F152ED50800DBA105 /* QSGoogleChromeActions.m in Sources */ = {isa = PBXBuildFile; fileRef = E14F967E152ED50800DBA105 /* QSGoogleChromeActions.m */; };
		E14F9689152EDF4600DBA105 /* QSGoogleChromeObjectSource.m in Sources */ = {isa = PBXBuildFile; fileRef = E14F9688152EDF4600DBA105 /* QSGoogleChromeObjectSource.m */; };
		E15A5AA8152B5742008A0CEA /* Cocoa.framework in Frameworks */ = {isa = PBXBuildFile; fileRef = E15A5AA7152B5742008A0CEA /* Cocoa.framework */; };
		E15A5AAA152B5742008A0CEA /* ScriptingBridge.framework in Frameworks */ = {isa = PBXBuildFile; fileRef = E15A5AA9152B5742008A0CEA /* ScriptingBridge.framework */; };
		E15A5AB0152B5742008A0CEA /* InfoPlist.strings in Resources */ = {isa = PBXBuildFile; fileRef = E15A5AAE152B5742008A0CEA /* InfoPlist.strings */; };
		E15A5AD1152B74A1008A0CEA /* Google Chrome.app in Resources */ = {isa = PBXBuildFile; fileRef = E15A5AD0152B74A1008A0CEA /* Google Chrome.app */; };
		E15A5AD5152B753A008A0CEA /* Google Chrome.app in Sources */ = {isa = PBXBuildFile; fileRef = E15A5AD0152B74A1008A0CEA /* Google Chrome.app */; };
		E15A5ADC152B8212008A0CEA /* QSGoogleChromeProxies.m in Sources */ = {isa = PBXBuildFile; fileRef = E15A5ADA152B7932008A0CEA /* QSGoogleChromeProxies.m */; };
		E15D7560154C276200CA71BF /* FMDatabase.m in Sources */ = {isa = PBXBuildFile; fileRef = E15D7555154C276200CA71BF /* FMDatabase.m */; };
		E15D7561154C276200CA71BF /* FMDatabaseAdditions.m in Sources */ = {isa = PBXBuildFile; fileRef = E15D7557154C276200CA71BF /* FMDatabaseAdditions.m */; };
		E15D7562154C276200CA71BF /* FMResultSet.m in Sources */ = {isa = PBXBuildFile; fileRef = E15D7559154C276200CA71BF /* FMResultSet.m */; };
		E15D7563154C276200CA71BF /* Readme.mkdn in Resources */ = {isa = PBXBuildFile; fileRef = E15D755B154C276200CA71BF /* Readme.mkdn */; };
		E15D7564154C276200CA71BF /* shell.c in Sources */ = {isa = PBXBuildFile; fileRef = E15D755C154C276200CA71BF /* shell.c */; };
		E15D7565154C276200CA71BF /* sqlite3.c in Sources */ = {isa = PBXBuildFile; fileRef = E15D755D154C276200CA71BF /* sqlite3.c */; };
		E15D7569154C27A300CA71BF /* QSGoogleChromeDatabaseManager.m in Sources */ = {isa = PBXBuildFile; fileRef = E15D7568154C27A300CA71BF /* QSGoogleChromeDatabaseManager.m */; };
		E15D756C154C29C600CA71BF /* QSGoogleChromeHistoryParser.m in Sources */ = {isa = PBXBuildFile; fileRef = E15D756B154C29C600CA71BF /* QSGoogleChromeHistoryParser.m */; };
		E161D1B715470C8C0045A22A /* CHANGELOG.md in Resources */ = {isa = PBXBuildFile; fileRef = E161D1B315470C8C0045A22A /* CHANGELOG.md */; };
		E161D1B815470C8C0045A22A /* JSONKit.m in Sources */ = {isa = PBXBuildFile; fileRef = E161D1B515470C8C0045A22A /* JSONKit.m */; };
		E161D1B915470C8C0045A22A /* README.md in Resources */ = {isa = PBXBuildFile; fileRef = E161D1B615470C8C0045A22A /* README.md */; };
		E161D1BD154868770045A22A /* QSGoogleChromeBookmarksParser.m in Sources */ = {isa = PBXBuildFile; fileRef = E161D1BC154868770045A22A /* QSGoogleChromeBookmarksParser.m */; };
/* End PBXBuildFile section */

/* Begin PBXBuildRule section */
		E15A5AD7152B7556008A0CEA /* PBXBuildRule */ = {
			isa = PBXBuildRule;
			compilerSpec = com.apple.compilers.proxy.script;
			filePatterns = "*.app";
			fileType = pattern.proxy;
			isEditable = 1;
			outputFiles = (
				"$(DERIVED_FILES_DIR)/$(INPUT_FILE_BASE).h",
			);
			script = "sdef \"$INPUT_FILE_PATH\" | sdp -fh -o \"$DERIVED_FILES_DIR\" --basename \"$INPUT_FILE_BASE\" --bundleid `defaults read \"$INPUT_FILE_PATH/Contents/Info\" CFBundleIdentifier`";
		};
/* End PBXBuildRule section */

/* Begin PBXFileReference section */
		E109EA0E154D2A4800FDAC40 /* Chrome Folder.icns */ = {isa = PBXFileReference; lastKnownFileType = image.icns; path = "Chrome Folder.icns"; sourceTree = "<group>"; };
		E14F967D152ED50800DBA105 /* QSGoogleChromeActions.h */ = {isa = PBXFileReference; fileEncoding = 4; lastKnownFileType = sourcecode.c.h; path = QSGoogleChromeActions.h; sourceTree = "<group>"; };
		E14F967E152ED50800DBA105 /* QSGoogleChromeActions.m */ = {isa = PBXFileReference; fileEncoding = 4; lastKnownFileType = sourcecode.c.objc; path = QSGoogleChromeActions.m; sourceTree = "<group>"; };
		E14F9687152EDF4600DBA105 /* QSGoogleChromeObjectSource.h */ = {isa = PBXFileReference; fileEncoding = 4; lastKnownFileType = sourcecode.c.h; path = QSGoogleChromeObjectSource.h; sourceTree = "<group>"; };
		E14F9688152EDF4600DBA105 /* QSGoogleChromeObjectSource.m */ = {isa = PBXFileReference; fileEncoding = 4; lastKnownFileType = sourcecode.c.objc; path = QSGoogleChromeObjectSource.m; sourceTree = "<group>"; };
		E15A5AA4152B5742008A0CEA /* GoogleChrome.bundle */ = {isa = PBXFileReference; explicitFileType = wrapper.cfbundle; includeInIndex = 0; name = GoogleChrome.bundle; path = GoogleChrome.qsplugin; sourceTree = BUILT_PRODUCTS_DIR; };
		E15A5AA7152B5742008A0CEA /* Cocoa.framework */ = {isa = PBXFileReference; lastKnownFileType = wrapper.framework; name = Cocoa.framework; path = System/Library/Frameworks/Cocoa.framework; sourceTree = SDKROOT; };
		E15A5AA9152B5742008A0CEA /* ScriptingBridge.framework */ = {isa = PBXFileReference; lastKnownFileType = wrapper.framework; name = ScriptingBridge.framework; path = System/Library/Frameworks/ScriptingBridge.framework; sourceTree = SDKROOT; };
		E15A5AAD152B5742008A0CEA /* Info.plist */ = {isa = PBXFileReference; lastKnownFileType = text.plist.xml; path = Info.plist; sourceTree = SOURCE_ROOT; };
		E15A5AAF152B5742008A0CEA /* en */ = {isa = PBXFileReference; lastKnownFileType = text.plist.strings; name = en; path = en.lproj/InfoPlist.strings; sourceTree = "<group>"; };
		E15A5AB2152B5742008A0CEA /* Common.xcconfig */ = {isa = PBXFileReference; lastKnownFileType = text.xcconfig; path = Common.xcconfig; sourceTree = "<group>"; };
		E15A5AB3152B5742008A0CEA /* Debug.xcconfig */ = {isa = PBXFileReference; lastKnownFileType = text.xcconfig; path = Debug.xcconfig; sourceTree = "<group>"; };
		E15A5AB4152B5742008A0CEA /* Developer.xcconfig */ = {isa = PBXFileReference; lastKnownFileType = text.xcconfig; path = Developer.xcconfig; sourceTree = "<group>"; };
		E15A5AB5152B5742008A0CEA /* QSPlugIn.xcconfig */ = {isa = PBXFileReference; lastKnownFileType = text.xcconfig; path = QSPlugIn.xcconfig; sourceTree = "<group>"; };
		E15A5AB6152B5742008A0CEA /* Quicksilver.pch */ = {isa = PBXFileReference; lastKnownFileType = sourcecode.c.h; path = Quicksilver.pch; sourceTree = "<group>"; };
		E15A5AB7152B5742008A0CEA /* Release.xcconfig */ = {isa = PBXFileReference; lastKnownFileType = text.xcconfig; path = Release.xcconfig; sourceTree = "<group>"; };
		E15A5AD0152B74A1008A0CEA /* Google Chrome.app */ = {isa = PBXFileReference; lastKnownFileType = wrapper.application; name = "Google Chrome.app"; path = "/Applications/Google Chrome.app"; sourceTree = "<absolute>"; };
		E15A5AD8152B76A4008A0CEA /* QSGoogleChromeDefinitions.h */ = {isa = PBXFileReference; fileEncoding = 4; lastKnownFileType = sourcecode.c.h; path = QSGoogleChromeDefinitions.h; sourceTree = "<group>"; };
		E15A5AD9152B7932008A0CEA /* QSGoogleChromeProxies.h */ = {isa = PBXFileReference; fileEncoding = 4; lastKnownFileType = sourcecode.c.h; path = QSGoogleChromeProxies.h; sourceTree = "<group>"; };
		E15A5ADA152B7932008A0CEA /* QSGoogleChromeProxies.m */ = {isa = PBXFileReference; fileEncoding = 4; lastKnownFileType = sourcecode.c.objc; path = QSGoogleChromeProxies.m; sourceTree = "<group>"; };
		E15D7554154C276200CA71BF /* FMDatabase.h */ = {isa = PBXFileReference; fileEncoding = 4; lastKnownFileType = sourcecode.c.h; path = FMDatabase.h; sourceTree = "<group>"; };
		E15D7555154C276200CA71BF /* FMDatabase.m */ = {isa = PBXFileReference; fileEncoding = 4; lastKnownFileType = sourcecode.c.objc; path = FMDatabase.m; sourceTree = "<group>"; };
		E15D7556154C276200CA71BF /* FMDatabaseAdditions.h */ = {isa = PBXFileReference; fileEncoding = 4; lastKnownFileType = sourcecode.c.h; path = FMDatabaseAdditions.h; sourceTree = "<group>"; };
		E15D7557154C276200CA71BF /* FMDatabaseAdditions.m */ = {isa = PBXFileReference; fileEncoding = 4; lastKnownFileType = sourcecode.c.objc; path = FMDatabaseAdditions.m; sourceTree = "<group>"; };
		E15D7558154C276200CA71BF /* FMResultSet.h */ = {isa = PBXFileReference; fileEncoding = 4; lastKnownFileType = sourcecode.c.h; path = FMResultSet.h; sourceTree = "<group>"; };
		E15D7559154C276200CA71BF /* FMResultSet.m */ = {isa = PBXFileReference; fileEncoding = 4; lastKnownFileType = sourcecode.c.objc; path = FMResultSet.m; sourceTree = "<group>"; };
		E15D755B154C276200CA71BF /* Readme.mkdn */ = {isa = PBXFileReference; fileEncoding = 4; lastKnownFileType = text; path = Readme.mkdn; sourceTree = "<group>"; };
		E15D755C154C276200CA71BF /* shell.c */ = {isa = PBXFileReference; fileEncoding = 4; lastKnownFileType = sourcecode.c.c; path = shell.c; sourceTree = "<group>"; };
		E15D755D154C276200CA71BF /* sqlite3.c */ = {isa = PBXFileReference; fileEncoding = 4; lastKnownFileType = sourcecode.c.c; path = sqlite3.c; sourceTree = "<group>"; };
		E15D755E154C276200CA71BF /* sqlite3.h */ = {isa = PBXFileReference; fileEncoding = 4; lastKnownFileType = sourcecode.c.h; path = sqlite3.h; sourceTree = "<group>"; };
		E15D755F154C276200CA71BF /* sqlite3ext.h */ = {isa = PBXFileReference; fileEncoding = 4; lastKnownFileType = sourcecode.c.h; path = sqlite3ext.h; sourceTree = "<group>"; };
		E15D7567154C27A300CA71BF /* QSGoogleChromeDatabaseManager.h */ = {isa = PBXFileReference; fileEncoding = 4; lastKnownFileType = sourcecode.c.h; path = QSGoogleChromeDatabaseManager.h; sourceTree = "<group>"; };
		E15D7568154C27A300CA71BF /* QSGoogleChromeDatabaseManager.m */ = {isa = PBXFileReference; fileEncoding = 4; lastKnownFileType = sourcecode.c.objc; path = QSGoogleChromeDatabaseManager.m; sourceTree = "<group>"; };
		E15D756A154C29C600CA71BF /* QSGoogleChromeHistoryParser.h */ = {isa = PBXFileReference; fileEncoding = 4; lastKnownFileType = sourcecode.c.h; path = QSGoogleChromeHistoryParser.h; sourceTree = "<group>"; };
		E15D756B154C29C600CA71BF /* QSGoogleChromeHistoryParser.m */ = {isa = PBXFileReference; fileEncoding = 4; lastKnownFileType = sourcecode.c.objc; path = QSGoogleChromeHistoryParser.m; sourceTree = "<group>"; };
		E161D1B315470C8C0045A22A /* CHANGELOG.md */ = {isa = PBXFileReference; fileEncoding = 4; lastKnownFileType = text; path = CHANGELOG.md; sourceTree = "<group>"; };
		E161D1B415470C8C0045A22A /* JSONKit.h */ = {isa = PBXFileReference; fileEncoding = 4; lastKnownFileType = sourcecode.c.h; path = JSONKit.h; sourceTree = "<group>"; };
		E161D1B515470C8C0045A22A /* JSONKit.m */ = {isa = PBXFileReference; fileEncoding = 4; lastKnownFileType = sourcecode.c.objc; path = JSONKit.m; sourceTree = "<group>"; };
		E161D1B615470C8C0045A22A /* README.md */ = {isa = PBXFileReference; fileEncoding = 4; lastKnownFileType = text; path = README.md; sourceTree = "<group>"; };
		E161D1BB154868770045A22A /* QSGoogleChromeBookmarksParser.h */ = {isa = PBXFileReference; fileEncoding = 4; lastKnownFileType = sourcecode.c.h; path = QSGoogleChromeBookmarksParser.h; sourceTree = "<group>"; };
		E161D1BC154868770045A22A /* QSGoogleChromeBookmarksParser.m */ = {isa = PBXFileReference; fileEncoding = 4; lastKnownFileType = sourcecode.c.objc; path = QSGoogleChromeBookmarksParser.m; sourceTree = "<group>"; };
/* End PBXFileReference section */

/* Begin PBXFrameworksBuildPhase section */
		E15A5AA0152B5742008A0CEA /* Frameworks */ = {
			isa = PBXFrameworksBuildPhase;
			buildActionMask = 2147483647;
			files = (
				E15A5AA8152B5742008A0CEA /* Cocoa.framework in Frameworks */,
				E15A5AAA152B5742008A0CEA /* ScriptingBridge.framework in Frameworks */,
			);
			runOnlyForDeploymentPostprocessing = 0;
		};
/* End PBXFrameworksBuildPhase section */

/* Begin PBXGroup section */
		E109EA0D154D2A4800FDAC40 /* Resources */ = {
			isa = PBXGroup;
			children = (
				E109EA0E154D2A4800FDAC40 /* Chrome Folder.icns */,
			);
			path = Resources;
			sourceTree = SOURCE_ROOT;
		};
		E15A5A98152B5742008A0CEA = {
			isa = PBXGroup;
			children = (
				E15A5AD0152B74A1008A0CEA /* Google Chrome.app */,
				E15A5AAB152B5742008A0CEA /* GoogleChrome */,
				E161D1B215470C8C0045A22A /* JSONKit */,
				E15D7553154C276200CA71BF /* FMDB */,
				E15D755A154C276200CA71BF /* sqlite-amalgamation */,
				E15A5AA6152B5742008A0CEA /* Frameworks */,
				E15A5AA5152B5742008A0CEA /* Products */,
			);
			sourceTree = "<group>";
		};
		E15A5AA5152B5742008A0CEA /* Products */ = {
			isa = PBXGroup;
			children = (
				E15A5AA4152B5742008A0CEA /* GoogleChrome.bundle */,
			);
			name = Products;
			sourceTree = "<group>";
		};
		E15A5AA6152B5742008A0CEA /* Frameworks */ = {
			isa = PBXGroup;
			children = (
				E15A5AA7152B5742008A0CEA /* Cocoa.framework */,
				E15A5AA9152B5742008A0CEA /* ScriptingBridge.framework */,
			);
			name = Frameworks;
			sourceTree = "<group>";
		};
		E15A5AAB152B5742008A0CEA /* GoogleChrome */ = {
			isa = PBXGroup;
			children = (
				E15A5AB1152B5742008A0CEA /* Configuration */,
				E109EA0D154D2A4800FDAC40 /* Resources */,
				E15A5AAC152B5742008A0CEA /* Supporting Files */,
				E14F967D152ED50800DBA105 /* QSGoogleChromeActions.h */,
				E14F967E152ED50800DBA105 /* QSGoogleChromeActions.m */,
				E15A5AD8152B76A4008A0CEA /* QSGoogleChromeDefinitions.h */,
				E15A5AD9152B7932008A0CEA /* QSGoogleChromeProxies.h */,
				E15A5ADA152B7932008A0CEA /* QSGoogleChromeProxies.m */,
				E14F9687152EDF4600DBA105 /* QSGoogleChromeObjectSource.h */,
				E14F9688152EDF4600DBA105 /* QSGoogleChromeObjectSource.m */,
				E161D1BB154868770045A22A /* QSGoogleChromeBookmarksParser.h */,
				E161D1BC154868770045A22A /* QSGoogleChromeBookmarksParser.m */,
				E15D756A154C29C600CA71BF /* QSGoogleChromeHistoryParser.h */,
				E15D756B154C29C600CA71BF /* QSGoogleChromeHistoryParser.m */,
				E15D7567154C27A300CA71BF /* QSGoogleChromeDatabaseManager.h */,
				E15D7568154C27A300CA71BF /* QSGoogleChromeDatabaseManager.m */,
			);
			path = GoogleChrome;
			sourceTree = "<group>";
		};
		E15A5AAC152B5742008A0CEA /* Supporting Files */ = {
			isa = PBXGroup;
			children = (
				E15A5AAD152B5742008A0CEA /* Info.plist */,
				E15A5AAE152B5742008A0CEA /* InfoPlist.strings */,
			);
			name = "Supporting Files";
			sourceTree = "<group>";
		};
		E15A5AB1152B5742008A0CEA /* Configuration */ = {
			isa = PBXGroup;
			children = (
				E15A5AB2152B5742008A0CEA /* Common.xcconfig */,
				E15A5AB3152B5742008A0CEA /* Debug.xcconfig */,
				E15A5AB4152B5742008A0CEA /* Developer.xcconfig */,
				E15A5AB5152B5742008A0CEA /* QSPlugIn.xcconfig */,
				E15A5AB6152B5742008A0CEA /* Quicksilver.pch */,
				E15A5AB7152B5742008A0CEA /* Release.xcconfig */,
			);
			name = Configuration;
			path = /tmp/QS/Configuration;
			sourceTree = "<group>";
		};
		E15D7553154C276200CA71BF /* FMDB */ = {
			isa = PBXGroup;
			children = (
				E15D7554154C276200CA71BF /* FMDatabase.h */,
				E15D7555154C276200CA71BF /* FMDatabase.m */,
				E15D7556154C276200CA71BF /* FMDatabaseAdditions.h */,
				E15D7557154C276200CA71BF /* FMDatabaseAdditions.m */,
				E15D7558154C276200CA71BF /* FMResultSet.h */,
				E15D7559154C276200CA71BF /* FMResultSet.m */,
			);
			path = FMDB;
			sourceTree = "<group>";
		};
		E15D755A154C276200CA71BF /* sqlite-amalgamation */ = {
			isa = PBXGroup;
			children = (
				E15D755B154C276200CA71BF /* Readme.mkdn */,
				E15D755C154C276200CA71BF /* shell.c */,
				E15D755D154C276200CA71BF /* sqlite3.c */,
				E15D755E154C276200CA71BF /* sqlite3.h */,
				E15D755F154C276200CA71BF /* sqlite3ext.h */,
			);
			path = "sqlite-amalgamation";
			sourceTree = "<group>";
		};
		E161D1B215470C8C0045A22A /* JSONKit */ = {
			isa = PBXGroup;
			children = (
				E161D1B315470C8C0045A22A /* CHANGELOG.md */,
				E161D1B415470C8C0045A22A /* JSONKit.h */,
				E161D1B515470C8C0045A22A /* JSONKit.m */,
				E161D1B615470C8C0045A22A /* README.md */,
			);
			path = JSONKit;
			sourceTree = "<group>";
		};
/* End PBXGroup section */

/* Begin PBXNativeTarget section */
		E15A5AA3152B5742008A0CEA /* GoogleChrome */ = {
			isa = PBXNativeTarget;
			buildConfigurationList = E15A5AC3152B5742008A0CEA /* Build configuration list for PBXNativeTarget "GoogleChrome" */;
			buildPhases = (
				E15A5A9F152B5742008A0CEA /* Sources */,
				E15A5AA0152B5742008A0CEA /* Frameworks */,
				E15A5AA1152B5742008A0CEA /* Resources */,
				E15A5AA2152B5742008A0CEA /* ShellScript */,
			);
			buildRules = (
				E15A5AD7152B7556008A0CEA /* PBXBuildRule */,
			);
			dependencies = (
			);
			name = GoogleChrome;
			productName = GoogleChrome;
			productReference = E15A5AA4152B5742008A0CEA /* GoogleChrome.bundle */;
			productType = "com.apple.product-type.bundle";
		};
/* End PBXNativeTarget section */

/* Begin PBXProject section */
		E15A5A9A152B5742008A0CEA /* Project object */ = {
			isa = PBXProject;
			attributes = {
				LastUpgradeCheck = 0430;
				ORGANIZATIONNAME = stdin.se;
			};
			buildConfigurationList = E15A5A9D152B5742008A0CEA /* Build configuration list for PBXProject "GoogleChrome" */;
			compatibilityVersion = "Xcode 3.2";
			developmentRegion = English;
			hasScannedForEncodings = 0;
			knownRegions = (
				en,
			);
			mainGroup = E15A5A98152B5742008A0CEA;
			productRefGroup = E15A5AA5152B5742008A0CEA /* Products */;
			projectDirPath = "";
			projectRoot = "";
			targets = (
				E15A5AA3152B5742008A0CEA /* GoogleChrome */,
			);
		};
/* End PBXProject section */

/* Begin PBXResourcesBuildPhase section */
		E15A5AA1152B5742008A0CEA /* Resources */ = {
			isa = PBXResourcesBuildPhase;
			buildActionMask = 2147483647;
			files = (
				E15A5AB0152B5742008A0CEA /* InfoPlist.strings in Resources */,
				E15A5AD1152B74A1008A0CEA /* Google Chrome.app in Resources */,
				E161D1B715470C8C0045A22A /* CHANGELOG.md in Resources */,
				E161D1B915470C8C0045A22A /* README.md in Resources */,
				E109EA0F154D2A4800FDAC40 /* Chrome Folder.icns in Resources */,
				E15D7563154C276200CA71BF /* Readme.mkdn in Resources */,
			);
			runOnlyForDeploymentPostprocessing = 0;
		};
/* End PBXResourcesBuildPhase section */

/* Begin PBXShellScriptBuildPhase section */
		E15A5AA2152B5742008A0CEA /* ShellScript */ = {
			isa = PBXShellScriptBuildPhase;
			buildActionMask = 2147483647;
			files = (
			);
			inputPaths = (
			);
			outputPaths = (
			);
			runOnlyForDeploymentPostprocessing = 1;
			shellPath = /bin/sh;
			shellScript = "\"$SRCROOT/GoogleChrome/bltrversion\" \"$INFOPLIST_FILE\"";
		};
/* End PBXShellScriptBuildPhase section */

/* Begin PBXSourcesBuildPhase section */
		E15A5A9F152B5742008A0CEA /* Sources */ = {
			isa = PBXSourcesBuildPhase;
			buildActionMask = 2147483647;
			files = (
				E15A5AD5152B753A008A0CEA /* Google Chrome.app in Sources */,
				E15A5ADC152B8212008A0CEA /* QSGoogleChromeProxies.m in Sources */,
				E14F967F152ED50800DBA105 /* QSGoogleChromeActions.m in Sources */,
				E14F9689152EDF4600DBA105 /* QSGoogleChromeObjectSource.m in Sources */,
				E161D1B815470C8C0045A22A /* JSONKit.m in Sources */,
				E161D1BD154868770045A22A /* QSGoogleChromeBookmarksParser.m in Sources */,
				E15D7560154C276200CA71BF /* FMDatabase.m in Sources */,
				E15D7561154C276200CA71BF /* FMDatabaseAdditions.m in Sources */,
				E15D7562154C276200CA71BF /* FMResultSet.m in Sources */,
				E15D7564154C276200CA71BF /* shell.c in Sources */,
				E15D7565154C276200CA71BF /* sqlite3.c in Sources */,
				E15D7569154C27A300CA71BF /* QSGoogleChromeDatabaseManager.m in Sources */,
				E15D756C154C29C600CA71BF /* QSGoogleChromeHistoryParser.m in Sources */,
			);
			runOnlyForDeploymentPostprocessing = 0;
		};
/* End PBXSourcesBuildPhase section */

/* Begin PBXVariantGroup section */
		E15A5AAE152B5742008A0CEA /* InfoPlist.strings */ = {
			isa = PBXVariantGroup;
			children = (
				E15A5AAF152B5742008A0CEA /* en */,
			);
			name = InfoPlist.strings;
			sourceTree = "<group>";
		};
/* End PBXVariantGroup section */

/* Begin XCBuildConfiguration section */
		E15A5AC1152B5742008A0CEA /* Debug */ = {
			isa = XCBuildConfiguration;
			baseConfigurationReference = E15A5AB3152B5742008A0CEA /* Debug.xcconfig */;
			buildSettings = {
			};
			name = Debug;
		};
		E15A5AC2152B5742008A0CEA /* Release */ = {
			isa = XCBuildConfiguration;
			baseConfigurationReference = E15A5AB7152B5742008A0CEA /* Release.xcconfig */;
			buildSettings = {
			};
			name = Release;
		};
		E15A5AC4152B5742008A0CEA /* Debug */ = {
			isa = XCBuildConfiguration;
			baseConfigurationReference = E15A5AB5152B5742008A0CEA /* QSPlugIn.xcconfig */;
			buildSettings = {
				PRODUCT_NAME = "$(TARGET_NAME)";
			};
			name = Debug;
		};
		E15A5AC5152B5742008A0CEA /* Release */ = {
			isa = XCBuildConfiguration;
			baseConfigurationReference = E15A5AB5152B5742008A0CEA /* QSPlugIn.xcconfig */;
			buildSettings = {
				PRODUCT_NAME = "$(TARGET_NAME)";
			};
			name = Release;
		};
/* End XCBuildConfiguration section */

/* Begin XCConfigurationList section */
		E15A5A9D152B5742008A0CEA /* Build configuration list for PBXProject "GoogleChrome" */ = {
			isa = XCConfigurationList;
			buildConfigurations = (
				E15A5AC1152B5742008A0CEA /* Debug */,
				E15A5AC2152B5742008A0CEA /* Release */,
			);
			defaultConfigurationIsVisible = 0;
			defaultConfigurationName = Release;
		};
		E15A5AC3152B5742008A0CEA /* Build configuration list for PBXNativeTarget "GoogleChrome" */ = {
			isa = XCConfigurationList;
			buildConfigurations = (
				E15A5AC4152B5742008A0CEA /* Debug */,
				E15A5AC5152B5742008A0CEA /* Release */,
			);
			defaultConfigurationIsVisible = 0;
			defaultConfigurationName = Release;
		};
/* End XCConfigurationList section */
	};
	rootObject = E15A5A9A152B5742008A0CEA /* Project object */;
}
